
Microsoft Visual Studio Solution File, Format Version 12.00
# Visual Studio Version 17
VisualStudioVersion = 17.0.32112.339
MinimumVisualStudioVersion = 10.0.40219.1
Project("{9A19103F-16F7-4668-BE54-9A1E7A4F7556}") = "Community.Sextant.WinUI", "Community.Sextant.WinUI\Community.Sextant.WinUI.csproj", "{044C5E0A-17A5-48B7-A2A7-A12884F68F69}"
EndProject
Project("{9A19103F-16F7-4668-BE54-9A1E7A4F7556}") = "SextantSample.WinUI", "SextantSample.Core\SextantSample.WinUI.csproj", "{518DC7D4-93A1-4F32-B788-25FEA29EA5CA}"
EndProject
Project("{9A19103F-16F7-4668-BE54-9A1E7A4F7556}") = "Community.Sextant.WinUI.Tests", "Community.Sextant.WinUI.Tests\Community.Sextant.WinUI.Tests.csproj", "{90098E9C-8027-4EB9-9C10-C8260CC018C9}"
EndProject
Project("{9A19103F-16F7-4668-BE54-9A1E7A4F7556}") = "Community.Sextant.WinUI.Splat", "Community.Sextant.WinUI.Splat\Community.Sextant.WinUI.Splat.csproj", "{C9FA1EA7-33E0-4025-9394-D32E8E8CE41C}"
EndProject
Project("{9A19103F-16F7-4668-BE54-9A1E7A4F7556}") = "Community.Sextant.WinUI.Microsoft.Extensions.DependencyInjection", "Community.Sextant.WinUI.Microsoft.Extensions.DependencyInjection\Community.Sextant.WinUI.Microsoft.Extensions.DependencyInjection.csproj", "{CACC6D10-0D87-4333-8006-39B16D7E583B}"
EndProject
Project("{9A19103F-16F7-4668-BE54-9A1E7A4F7556}") = "SextantSample.WinUI.FrameOnly", "SextantSample.WinUI.FrameOnly\SextantSample.WinUI.FrameOnly.csproj", "{EC49E878-27A3-4E02-98DB-62C377562147}"
EndProject
Project("{9A19103F-16F7-4668-BE54-9A1E7A4F7556}") = "SextantSample.WinUI.FrameWithNavigationView", "SextantSample.WinUI.FrameWithNavigationView\SextantSample.WinUI.FrameWithNavigationView.csproj", "{47134FED-AF9D-4686-B6F7-10840FC5B7AD}"
EndProject
Global
	GlobalSection(SolutionConfigurationPlatforms) = preSolution
		Debug|Any CPU = Debug|Any CPU
		Debug|arm64 = Debug|arm64
		Debug|x64 = Debug|x64
		Debug|x86 = Debug|x86
		Release|Any CPU = Release|Any CPU
		Release|arm64 = Release|arm64
		Release|x64 = Release|x64
		Release|x86 = Release|x86
	EndGlobalSection
	GlobalSection(ProjectConfigurationPlatforms) = postSolution
		{044C5E0A-17A5-48B7-A2A7-A12884F68F69}.Debug|Any CPU.ActiveCfg = Debug|Any CPU
		{044C5E0A-17A5-48B7-A2A7-A12884F68F69}.Debug|Any CPU.Build.0 = Debug|Any CPU
		{044C5E0A-17A5-48B7-A2A7-A12884F68F69}.Debug|arm64.ActiveCfg = Debug|Any CPU
		{044C5E0A-17A5-48B7-A2A7-A12884F68F69}.Debug|arm64.Build.0 = Debug|Any CPU
		{044C5E0A-17A5-48B7-A2A7-A12884F68F69}.Debug|x64.ActiveCfg = Debug|Any CPU
		{044C5E0A-17A5-48B7-A2A7-A12884F68F69}.Debug|x64.Build.0 = Debug|Any CPU
		{044C5E0A-17A5-48B7-A2A7-A12884F68F69}.Debug|x86.ActiveCfg = Debug|Any CPU
		{044C5E0A-17A5-48B7-A2A7-A12884F68F69}.Debug|x86.Build.0 = Debug|Any CPU
		{044C5E0A-17A5-48B7-A2A7-A12884F68F69}.Release|Any CPU.ActiveCfg = Release|Any CPU
		{044C5E0A-17A5-48B7-A2A7-A12884F68F69}.Release|Any CPU.Build.0 = Release|Any CPU
		{044C5E0A-17A5-48B7-A2A7-A12884F68F69}.Release|arm64.ActiveCfg = Release|Any CPU
		{044C5E0A-17A5-48B7-A2A7-A12884F68F69}.Release|arm64.Build.0 = Release|Any CPU
		{044C5E0A-17A5-48B7-A2A7-A12884F68F69}.Release|x64.ActiveCfg = Release|Any CPU
		{044C5E0A-17A5-48B7-A2A7-A12884F68F69}.Release|x64.Build.0 = Release|Any CPU
		{044C5E0A-17A5-48B7-A2A7-A12884F68F69}.Release|x86.ActiveCfg = Release|Any CPU
		{044C5E0A-17A5-48B7-A2A7-A12884F68F69}.Release|x86.Build.0 = Release|Any CPU
		{518DC7D4-93A1-4F32-B788-25FEA29EA5CA}.Debug|Any CPU.ActiveCfg = Debug|Any CPU
		{518DC7D4-93A1-4F32-B788-25FEA29EA5CA}.Debug|Any CPU.Build.0 = Debug|Any CPU
		{518DC7D4-93A1-4F32-B788-25FEA29EA5CA}.Debug|arm64.ActiveCfg = Debug|Any CPU
		{518DC7D4-93A1-4F32-B788-25FEA29EA5CA}.Debug|arm64.Build.0 = Debug|Any CPU
		{518DC7D4-93A1-4F32-B788-25FEA29EA5CA}.Debug|x64.ActiveCfg = Debug|Any CPU
		{518DC7D4-93A1-4F32-B788-25FEA29EA5CA}.Debug|x64.Build.0 = Debug|Any CPU
		{518DC7D4-93A1-4F32-B788-25FEA29EA5CA}.Debug|x86.ActiveCfg = Debug|Any CPU
		{518DC7D4-93A1-4F32-B788-25FEA29EA5CA}.Debug|x86.Build.0 = Debug|Any CPU
		{518DC7D4-93A1-4F32-B788-25FEA29EA5CA}.Release|Any CPU.ActiveCfg = Release|Any CPU
		{518DC7D4-93A1-4F32-B788-25FEA29EA5CA}.Release|Any CPU.Build.0 = Release|Any CPU
		{518DC7D4-93A1-4F32-B788-25FEA29EA5CA}.Release|arm64.ActiveCfg = Release|Any CPU
		{518DC7D4-93A1-4F32-B788-25FEA29EA5CA}.Release|arm64.Build.0 = Release|Any CPU
		{518DC7D4-93A1-4F32-B788-25FEA29EA5CA}.Release|x64.ActiveCfg = Release|Any CPU
		{518DC7D4-93A1-4F32-B788-25FEA29EA5CA}.Release|x64.Build.0 = Release|Any CPU
		{518DC7D4-93A1-4F32-B788-25FEA29EA5CA}.Release|x86.ActiveCfg = Release|Any CPU
		{518DC7D4-93A1-4F32-B788-25FEA29EA5CA}.Release|x86.Build.0 = Release|Any CPU
		{90098E9C-8027-4EB9-9C10-C8260CC018C9}.Debug|Any CPU.ActiveCfg = Debug|Any CPU
		{90098E9C-8027-4EB9-9C10-C8260CC018C9}.Debug|Any CPU.Build.0 = Debug|Any CPU
		{90098E9C-8027-4EB9-9C10-C8260CC018C9}.Debug|arm64.ActiveCfg = Debug|Any CPU
		{90098E9C-8027-4EB9-9C10-C8260CC018C9}.Debug|arm64.Build.0 = Debug|Any CPU
		{90098E9C-8027-4EB9-9C10-C8260CC018C9}.Debug|x64.ActiveCfg = Debug|Any CPU
		{90098E9C-8027-4EB9-9C10-C8260CC018C9}.Debug|x64.Build.0 = Debug|Any CPU
		{90098E9C-8027-4EB9-9C10-C8260CC018C9}.Debug|x86.ActiveCfg = Debug|Any CPU
		{90098E9C-8027-4EB9-9C10-C8260CC018C9}.Debug|x86.Build.0 = Debug|Any CPU
		{90098E9C-8027-4EB9-9C10-C8260CC018C9}.Release|Any CPU.ActiveCfg = Release|Any CPU
		{90098E9C-8027-4EB9-9C10-C8260CC018C9}.Release|Any CPU.Build.0 = Release|Any CPU
		{90098E9C-8027-4EB9-9C10-C8260CC018C9}.Release|arm64.ActiveCfg = Release|Any CPU
		{90098E9C-8027-4EB9-9C10-C8260CC018C9}.Release|arm64.Build.0 = Release|Any CPU
		{90098E9C-8027-4EB9-9C10-C8260CC018C9}.Release|x64.ActiveCfg = Release|Any CPU
		{90098E9C-8027-4EB9-9C10-C8260CC018C9}.Release|x64.Build.0 = Release|Any CPU
		{90098E9C-8027-4EB9-9C10-C8260CC018C9}.Release|x86.ActiveCfg = Release|Any CPU
		{90098E9C-8027-4EB9-9C10-C8260CC018C9}.Release|x86.Build.0 = Release|Any CPU
		{C9FA1EA7-33E0-4025-9394-D32E8E8CE41C}.Debug|Any CPU.ActiveCfg = Debug|Any CPU
		{C9FA1EA7-33E0-4025-9394-D32E8E8CE41C}.Debug|Any CPU.Build.0 = Debug|Any CPU
		{C9FA1EA7-33E0-4025-9394-D32E8E8CE41C}.Debug|arm64.ActiveCfg = Debug|Any CPU
		{C9FA1EA7-33E0-4025-9394-D32E8E8CE41C}.Debug|arm64.Build.0 = Debug|Any CPU
		{C9FA1EA7-33E0-4025-9394-D32E8E8CE41C}.Debug|x64.ActiveCfg = Debug|Any CPU
		{C9FA1EA7-33E0-4025-9394-D32E8E8CE41C}.Debug|x64.Build.0 = Debug|Any CPU
		{C9FA1EA7-33E0-4025-9394-D32E8E8CE41C}.Debug|x86.ActiveCfg = Debug|Any CPU
		{C9FA1EA7-33E0-4025-9394-D32E8E8CE41C}.Debug|x86.Build.0 = Debug|Any CPU
		{C9FA1EA7-33E0-4025-9394-D32E8E8CE41C}.Release|Any CPU.ActiveCfg = Release|Any CPU
		{C9FA1EA7-33E0-4025-9394-D32E8E8CE41C}.Release|Any CPU.Build.0 = Release|Any CPU
		{C9FA1EA7-33E0-4025-9394-D32E8E8CE41C}.Release|arm64.ActiveCfg = Release|Any CPU
		{C9FA1EA7-33E0-4025-9394-D32E8E8CE41C}.Release|arm64.Build.0 = Release|Any CPU
		{C9FA1EA7-33E0-4025-9394-D32E8E8CE41C}.Release|x64.ActiveCfg = Release|Any CPU
		{C9FA1EA7-33E0-4025-9394-D32E8E8CE41C}.Release|x64.Build.0 = Release|Any CPU
		{C9FA1EA7-33E0-4025-9394-D32E8E8CE41C}.Release|x86.ActiveCfg = Release|Any CPU
		{C9FA1EA7-33E0-4025-9394-D32E8E8CE41C}.Release|x86.Build.0 = Release|Any CPU
		{CACC6D10-0D87-4333-8006-39B16D7E583B}.Debug|Any CPU.ActiveCfg = Debug|Any CPU
		{CACC6D10-0D87-4333-8006-39B16D7E583B}.Debug|Any CPU.Build.0 = Debug|Any CPU
		{CACC6D10-0D87-4333-8006-39B16D7E583B}.Debug|arm64.ActiveCfg = Debug|Any CPU
		{CACC6D10-0D87-4333-8006-39B16D7E583B}.Debug|arm64.Build.0 = Debug|Any CPU
		{CACC6D10-0D87-4333-8006-39B16D7E583B}.Debug|x64.ActiveCfg = Debug|Any CPU
		{CACC6D10-0D87-4333-8006-39B16D7E583B}.Debug|x64.Build.0 = Debug|Any CPU
		{CACC6D10-0D87-4333-8006-39B16D7E583B}.Debug|x86.ActiveCfg = Debug|Any CPU
		{CACC6D10-0D87-4333-8006-39B16D7E583B}.Debug|x86.Build.0 = Debug|Any CPU
		{CACC6D10-0D87-4333-8006-39B16D7E583B}.Release|Any CPU.ActiveCfg = Release|Any CPU
		{CACC6D10-0D87-4333-8006-39B16D7E583B}.Release|Any CPU.Build.0 = Release|Any CPU
		{CACC6D10-0D87-4333-8006-39B16D7E583B}.Release|arm64.ActiveCfg = Release|Any CPU
		{CACC6D10-0D87-4333-8006-39B16D7E583B}.Release|arm64.Build.0 = Release|Any CPU
		{CACC6D10-0D87-4333-8006-39B16D7E583B}.Release|x64.ActiveCfg = Release|Any CPU
		{CACC6D10-0D87-4333-8006-39B16D7E583B}.Release|x64.Build.0 = Release|Any CPU
		{CACC6D10-0D87-4333-8006-39B16D7E583B}.Release|x86.ActiveCfg = Release|Any CPU
		{CACC6D10-0D87-4333-8006-39B16D7E583B}.Release|x86.Build.0 = Release|Any CPU
		{EC49E878-27A3-4E02-98DB-62C377562147}.Debug|Any CPU.ActiveCfg = Debug|x64
		{EC49E878-27A3-4E02-98DB-62C377562147}.Debug|Any CPU.Build.0 = Debug|x64
		{EC49E878-27A3-4E02-98DB-62C377562147}.Debug|Any CPU.Deploy.0 = Debug|x64
		{EC49E878-27A3-4E02-98DB-62C377562147}.Debug|arm64.ActiveCfg = Debug|arm64
		{EC49E878-27A3-4E02-98DB-62C377562147}.Debug|arm64.Build.0 = Debug|arm64
		{EC49E878-27A3-4E02-98DB-62C377562147}.Debug|arm64.Deploy.0 = Debug|arm64
		{EC49E878-27A3-4E02-98DB-62C377562147}.Debug|x64.ActiveCfg = Debug|x64
		{EC49E878-27A3-4E02-98DB-62C377562147}.Debug|x64.Build.0 = Debug|x64
		{EC49E878-27A3-4E02-98DB-62C377562147}.Debug|x64.Deploy.0 = Debug|x64
		{EC49E878-27A3-4E02-98DB-62C377562147}.Debug|x86.ActiveCfg = Debug|x86
		{EC49E878-27A3-4E02-98DB-62C377562147}.Debug|x86.Build.0 = Debug|x86
		{EC49E878-27A3-4E02-98DB-62C377562147}.Debug|x86.Deploy.0 = Debug|x86
		{EC49E878-27A3-4E02-98DB-62C377562147}.Release|Any CPU.ActiveCfg = Release|x64
		{EC49E878-27A3-4E02-98DB-62C377562147}.Release|Any CPU.Build.0 = Release|x64
		{EC49E878-27A3-4E02-98DB-62C377562147}.Release|Any CPU.Deploy.0 = Release|x64
		{EC49E878-27A3-4E02-98DB-62C377562147}.Release|arm64.ActiveCfg = Release|arm64
		{EC49E878-27A3-4E02-98DB-62C377562147}.Release|arm64.Build.0 = Release|arm64
		{EC49E878-27A3-4E02-98DB-62C377562147}.Release|arm64.Deploy.0 = Release|arm64
		{EC49E878-27A3-4E02-98DB-62C377562147}.Release|x64.ActiveCfg = Release|x64
		{EC49E878-27A3-4E02-98DB-62C377562147}.Release|x64.Build.0 = Release|x64
		{EC49E878-27A3-4E02-98DB-62C377562147}.Release|x64.Deploy.0 = Release|x64
		{EC49E878-27A3-4E02-98DB-62C377562147}.Release|x86.ActiveCfg = Release|x86
		{EC49E878-27A3-4E02-98DB-62C377562147}.Release|x86.Build.0 = Release|x86
		{EC49E878-27A3-4E02-98DB-62C377562147}.Release|x86.Deploy.0 = Release|x86
		{47134FED-AF9D-4686-B6F7-10840FC5B7AD}.Debug|Any CPU.ActiveCfg = Debug|x64
		{47134FED-AF9D-4686-B6F7-10840FC5B7AD}.Debug|Any CPU.Build.0 = Debug|x64
		{47134FED-AF9D-4686-B6F7-10840FC5B7AD}.Debug|arm64.ActiveCfg = Debug|arm64
		{47134FED-AF9D-4686-B6F7-10840FC5B7AD}.Debug|arm64.Build.0 = Debug|arm64
		{47134FED-AF9D-4686-B6F7-10840FC5B7AD}.Debug|x64.ActiveCfg = Debug|x64
		{47134FED-AF9D-4686-B6F7-10840FC5B7AD}.Debug|x64.Build.0 = Debug|x64
		{47134FED-AF9D-4686-B6F7-10840FC5B7AD}.Debug|x64.Deploy.0 = Debug|x64
		{47134FED-AF9D-4686-B6F7-10840FC5B7AD}.Debug|x86.ActiveCfg = Debug|x86
		{47134FED-AF9D-4686-B6F7-10840FC5B7AD}.Debug|x86.Build.0 = Debug|x86
		{47134FED-AF9D-4686-B6F7-10840FC5B7AD}.Release|Any CPU.ActiveCfg = Release|x64
		{47134FED-AF9D-4686-B6F7-10840FC5B7AD}.Release|Any CPU.Build.0 = Release|x64
		{47134FED-AF9D-4686-B6F7-10840FC5B7AD}.Release|arm64.ActiveCfg = Release|arm64
		{47134FED-AF9D-4686-B6F7-10840FC5B7AD}.Release|arm64.Build.0 = Release|arm64
		{47134FED-AF9D-4686-B6F7-10840FC5B7AD}.Release|x64.ActiveCfg = Release|x64
		{47134FED-AF9D-4686-B6F7-10840FC5B7AD}.Release|x64.Build.0 = Release|x64
		{47134FED-AF9D-4686-B6F7-10840FC5B7AD}.Release|x86.ActiveCfg = Release|x86
		{47134FED-AF9D-4686-B6F7-10840FC5B7AD}.Release|x86.Build.0 = Release|x86
	EndGlobalSection
	GlobalSection(SolutionProperties) = preSolution
		HideSolutionNode = FALSE
	EndGlobalSection
	GlobalSection(ExtensibilityGlobals) = postSolution
		SolutionGuid = {4B03214C-182F-4171-BF62-86BDE714B548}
	EndGlobalSection
EndGlobal
